github.com/likexian/gokit v0.0.0-20190309162924-0a377eecf7aa/go.mod h1:QdfYv6y6qPA9pbBA2qXtoT8BMKha6UyNbxWGWl/9Jfk=
github.com/likexian/gokit v0.0.0-20190414154958-b6e56dcfabb4 h1:WOyKnT1P9xet5DLW7DOvJvDFqaQUjQd0B6hlsT1ujFc=
github.com/likexian/gokit v0.0.0-20190414154958-b6e56dcfabb4/go.mod h1:EQClW10QeEvqw1pG6iYM3BB8aWzBZvumX2yQoW6RNSA=
github.com/likexian/simplejson-go v0.0.0-20190405163759-a463a9ef4cbd h1:5dkH+WQjqJIzaZk137kcezQTHlZ4YZ298FfyP37qnpY=
github.com/likexian/simplejson-go v0.0.0-20190405163759-a463a9ef4cbd/go.mod h1:Typ1BfnATYtZ/+/shXfFYLrovhFyuKvzwrdOnIDHlmg=
github.com/likexian/simplejson-go v0.0.0-20190409170913-40473a74d76d h1:gTxXxOmW9/UtpAdXQ9aTFrwR1Jgty5zJNyS59fXUqcg=
github.com/likexian/simplejson-go v0.0.0-20190409170913-40473a74d76d/go.mod h1:Typ1BfnATYtZ/+/shXfFYLrovhFyuKvzwrdOnIDHlmg=
golang.org/x/crypto v0.0.0-20190308221718-c2843e01d9a2/go.mod h1:djNgcEr1/C05ACkg1iLfiJU5Ep61QUkGW8qpdssI0+w=
golang.org/x/net v0.0.0-20190415100556-4a65cf94b679 h1:tzVWzOrXxwAwdSCMrf+mbNrZFxwS0+HLP4m2qxtfdhk=
golang.org/x/net v0.0.0-20190415100556-4a65cf94b679/go.mod h1:t9HGtf8HONx5eT2rtn7q6eTqICYqUVnKs3thJo3Qplg=
golang.org/x/sys v0.0.0-20190215142949-d0b11bdaac8a/go.mod h1:STP8DvDyc/dI5b8T5hshtkjS+E42TnysNCUPdjciGhY=
golang.org/x/text v0.3.0 h1:g61tztE5qeGQ89tm6NTjjM9VPIm088od1l6aSorWRWg=
golang.org/x/text v0.3.0/go.mod h1:NqM8EUOU14njkJ3fqMW+pc6Ldnwhi/IjpwHt7yyuwOQ=
