github.com/likexian/gokit v0.0.0-20190309162924-0a377eecf7aa/go.mod h1:QdfYv6y6qPA9pbBA2qXtoT8BMKha6UyNbxWGWl/9Jfk=
github.com/likexian/gokit v0.0.0-20190418170008-ace88ad0983b h1:Bi9sULkAWMQGNX4S0MIpuJ8/Kjc4YmD4G0LpuNy1Hyc=
github.com/likexian/gokit v0.0.0-20190418170008-ace88ad0983b/go.mod h1:KKqSnk/VVSW8kEyO2vVCXoanzEutKdlBAPohmGXkxCk=
github.com/likexian/gokit v0.0.0-20190501133040-e77ea8b19cdc h1:v2vmXShD6VLIotxbuTroveLAFwZoPHlsKe3pPUId38A=
github.com/likexian/gokit v0.0.0-20190501133040-e77ea8b19cdc/go.mod h1:3kvONayqCaj+UgrRZGpgfXzHdMYCAO0KAt4/8n0L57Y=
github.com/likexian/gokit v0.20.15 h1:DgtIqqTRFqtbiLJFzuRESwVrxWxfs8OlY6hnPYBa3BM=
github.com/likexian/gokit v0.20.15/go.mod h1:kn+nTv3tqh6yhor9BC4Lfiu58SmH8NmQ2PmEl+uM6nU=
github.com/likexian/simplejson-go v0.0.0-20190409170913-40473a74d76d h1:gTxXxOmW9/UtpAdXQ9aTFrwR1Jgty5zJNyS59fXUqcg=
github.com/likexian/simplejson-go v0.0.0-20190409170913-40473a74d76d/go.mod h1:Typ1BfnATYtZ/+/shXfFYLrovhFyuKvzwrdOnIDHlmg=
github.com/likexian/simplejson-go v0.0.0-20190419151922-c1f9f0b4f084 h1:NRkUE84DIqRgBcJFFV41nxOLd9OaTqsmTZW1yzzAczQ=
github.com/likexian/simplejson-go v0.0.0-20190419151922-c1f9f0b4f084/go.mod h1:U4O1vIJvIKwbMZKUJ62lppfdvkCdVd2nfMimHK81eec=
github.com/likexian/simplejson-go v0.0.0-20190502021454-d8787b4bfa0b h1:tNa5q0zLsg6EzUI4npXeUYwk/xuTtMcKdVnRsYdOHzk=
github.com/likexian/simplejson-go v0.0.0-20190502021454-d8787b4bfa0b/go.mod h1:3BWwtmKP9cXWwYCr5bkoVDEfLywacOv0s06OBEDpyt8=
golang.org/x/crypto v0.0.0-20190308221718-c2843e01d9a2/go.mod h1:djNgcEr1/C05ACkg1iLfiJU5Ep61QUkGW8qpdssI0+w=
golang.org/x/net v0.0.0-20190813141303-74dc4d7220e7 h1:fHDIZ2oxGnUZRN6WgWFCbYBjH9uqVPRCUVUDhs0wnbA=
golang.org/x/net v0.0.0-20190813141303-74dc4d7220e7/go.mod h1:z5CRVTTTmAJ677TzLLGU+0bjPO0LkuOLi4/5GtJWs/s=
golang.org/x/sys v0.0.0-20190215142949-d0b11bdaac8a/go.mod h1:STP8DvDyc/dI5b8T5hshtkjS+E42TnysNCUPdjciGhY=
golang.org/x/text v0.3.0 h1:g61tztE5qeGQ89tm6NTjjM9VPIm088od1l6aSorWRWg=
golang.org/x/text v0.3.0/go.mod h1:NqM8EUOU14njkJ3fqMW+pc6Ldnwhi/IjpwHt7yyuwOQ=
golang.org/x/text v0.3.2 h1:tW2bmiBqwgJj/UpqtC8EpXEZVYOwU0yG4iWbprSVAcs=
golang.org/x/text v0.3.2/go.mod h1:bEr9sfX3Q8Zfm5fL9x+3itogRgK3+ptLWKqgva+5dAk=
golang.org/x/tools v0.0.0-20180917221912-90fa682c2a6e/go.mod h1:n7NCudcB/nEzxVGmLbDWY5pfWTLqBcC2KZ6jyYvM4mQ=
